
Microsoft Visual Studio Solution File, Format Version 12.00
# Visual Studio Version 17
VisualStudioVersion = 17.0.31903.59
MinimumVisualStudioVersion = 10.0.40219.1
Project("{FAE04EC0-301F-11D3-BF4B-00C04F79EFBC}") = "ThreadDemoApp", "ThreadDemoApp\ThreadDemoApp.csproj", "{BDBAC28A-21BE-40BD-A90F-B3CDDB060791}"
EndProject
Project("{FAE04EC0-301F-11D3-BF4B-00C04F79EFBC}") = "MultiThreadApp", "MultiThreadApp\MultiThreadApp.csproj", "{2295DE83-7C3D-40D3-9C28-25848B81244B}"
EndProject
Global
	GlobalSection(SolutionConfigurationPlatforms) = preSolution
		Debug|Any CPU = Debug|Any CPU
		Release|Any CPU = Release|Any CPU
	EndGlobalSection
	GlobalSection(SolutionProperties) = preSolution
		HideSolutionNode = FALSE
	EndGlobalSection
	GlobalSection(ProjectConfigurationPlatforms) = postSolution
		{BDBAC28A-21BE-40BD-A90F-B3CDDB060791}.Debug|Any CPU.ActiveCfg = Debug|Any CPU
		{BDBAC28A-21BE-40BD-A90F-B3CDDB060791}.Debug|Any CPU.Build.0 = Debug|Any CPU
		{BDBAC28A-21BE-40BD-A90F-B3CDDB060791}.Release|Any CPU.ActiveCfg = Release|Any CPU
		{BDBAC28A-21BE-40BD-A90F-B3CDDB060791}.Release|Any CPU.Build.0 = Release|Any CPU
		{2295DE83-7C3D-40D3-9C28-25848B81244B}.Debug|Any CPU.ActiveCfg = Debug|Any CPU
		{2295DE83-7C3D-40D3-9C28-25848B81244B}.Debug|Any CPU.Build.0 = Debug|Any CPU
		{2295DE83-7C3D-40D3-9C28-25848B81244B}.Release|Any CPU.ActiveCfg = Release|Any CPU
		{2295DE83-7C3D-40D3-9C28-25848B81244B}.Release|Any CPU.Build.0 = Release|Any CPU
	EndGlobalSection
EndGlobal
